// !$*UTF8*$!
{
	archiveVersion = 1;
	classes = {
	};
	objectVersion = 46;
	objects = {

/* Begin PBXBuildFile section */
		52F4360A1A623C9A00354BA4 /* main.m in Sources */ = {isa = PBXBuildFile; fileRef = 52F436091A623C9A00354BA4 /* main.m */; };
		52F4360D1A623C9A00354BA4 /* AppDelegate.m in Sources */ = {isa = PBXBuildFile; fileRef = 52F4360C1A623C9A00354BA4 /* AppDelegate.m */; };
		52F436101A623C9A00354BA4 /* ViewController.m in Sources */ = {isa = PBXBuildFile; fileRef = 52F4360F1A623C9A00354BA4 /* ViewController.m */; };
		52F436131A623C9A00354BA4 /* Main.storyboard in Resources */ = {isa = PBXBuildFile; fileRef = 52F436111A623C9A00354BA4 /* Main.storyboard */; };
		52F436151A623C9A00354BA4 /* Images.xcassets in Resources */ = {isa = PBXBuildFile; fileRef = 52F436141A623C9A00354BA4 /* Images.xcassets */; };
		52F436181A623C9A00354BA4 /* LaunchScreen.xib in Resources */ = {isa = PBXBuildFile; fileRef = 52F436161A623C9A00354BA4 /* LaunchScreen.xib */; };
		52F436241A623C9B00354BA4 /* LogicGatesReducerTests.m in Sources */ = {isa = PBXBuildFile; fileRef = 52F436231A623C9B00354BA4 /* LogicGatesReducerTests.m */; };
/* End PBXBuildFile section */

/* Begin PBXContainerItemProxy section */
		52F4361E1A623C9B00354BA4 /* PBXContainerItemProxy */ = {
			isa = PBXContainerItemProxy;
			containerPortal = 52F435FC1A623C9A00354BA4 /* Project object */;
			proxyType = 1;
			remoteGlobalIDString = 52F436031A623C9A00354BA4;
			remoteInfo = LogicGatesReducer;
		};
/* End PBXContainerItemProxy section */

/* Begin PBXFileReference section */
		52F436041A623C9A00354BA4 /* LogicGatesReducer.app */ = {isa = PBXFileReference; explicitFileType = wrapper.application; includeInIndex = 0; path = LogicGatesReducer.app; sourceTree = BUILT_PRODUCTS_DIR; };
		52F436081A623C9A00354BA4 /* Info.plist */ = {isa = PBXFileReference; lastKnownFileType = text.plist.xml; path = Info.plist; sourceTree = "<group>"; };
		52F436091A623C9A00354BA4 /* main.m */ = {isa = PBXFileReference; lastKnownFileType = sourcecode.c.objc; path = main.m; sourceTree = "<group>"; };
		52F4360B1A623C9A00354BA4 /* AppDelegate.h */ = {isa = PBXFileReference; lastKnownFileType = sourcecode.c.h; path = AppDelegate.h; sourceTree = "<group>"; };
		52F4360C1A623C9A00354BA4 /* AppDelegate.m */ = {isa = PBXFileReference; lastKnownFileType = sourcecode.c.objc; path = AppDelegate.m; sourceTree = "<group>"; };
		52F4360E1A623C9A00354BA4 /* ViewController.h */ = {isa = PBXFileReference; lastKnownFileType = sourcecode.c.h; path = ViewController.h; sourceTree = "<group>"; };
		52F4360F1A623C9A00354BA4 /* ViewController.m */ = {isa = PBXFileReference; lastKnownFileType = sourcecode.c.objc; path = ViewController.m; sourceTree = "<group>"; };
		52F436121A623C9A00354BA4 /* Base */ = {isa = PBXFileReference; lastKnownFileType = file.storyboard; name = Base; path = Base.lproj/Main.storyboard; sourceTree = "<group>"; };
		52F436141A623C9A00354BA4 /* Images.xcassets */ = {isa = PBXFileReference; lastKnownFileType = folder.assetcatalog; path = Images.xcassets; sourceTree = "<group>"; };
		52F436171A623C9A00354BA4 /* Base */ = {isa = PBXFileReference; lastKnownFileType = file.xib; name = Base; path = Base.lproj/LaunchScreen.xib; sourceTree = "<group>"; };
		52F4361D1A623C9B00354BA4 /* LogicGatesReducerTests.xctest */ = {isa = PBXFileReference; explicitFileType = wrapper.cfbundle; includeInIndex = 0; path = LogicGatesReducerTests.xctest; sourceTree = BUILT_PRODUCTS_DIR; };
		52F436221A623C9B00354BA4 /* Info.plist */ = {isa = PBXFileReference; lastKnownFileType = text.plist.xml; path = Info.plist; sourceTree = "<group>"; };
		52F436231A623C9B00354BA4 /* LogicGatesReducerTests.m */ = {isa = PBXFileReference; lastKnownFileType = sourcecode.c.objc; path = LogicGatesReducerTests.m; sourceTree = "<group>"; };
/* End PBXFileReference section */

/* Begin PBXFrameworksBuildPhase section */
		52F436011A623C9A00354BA4 /* Frameworks */ = {
			isa = PBXFrameworksBuildPhase;
			buildActionMask = 2147483647;
			files = (
			);
			runOnlyForDeploymentPostprocessing = 0;
		};
		52F4361A1A623C9B00354BA4 /* Frameworks */ = {
			isa = PBXFrameworksBuildPhase;
			buildActionMask = 2147483647;
			files = (
			);
			runOnlyForDeploymentPostprocessing = 0;
		};
/* End PBXFrameworksBuildPhase section */

/* Begin PBXGroup section */
		52F435FB1A623C9A00354BA4 = {
			isa = PBXGroup;
			children = (
				52F436061A623C9A00354BA4 /* LogicGatesReducer */,
				52F436201A623C9B00354BA4 /* LogicGatesReducerTests */,
				52F436051A623C9A00354BA4 /* Products */,
			);
			sourceTree = "<group>";
		};
		52F436051A623C9A00354BA4 /* Products */ = {
			isa = PBXGroup;
			children = (
				52F436041A623C9A00354BA4 /* LogicGatesReducer.app */,
				52F4361D1A623C9B00354BA4 /* LogicGatesReducerTests.xctest */,
			);
			name = Products;
			sourceTree = "<group>";
		};
		52F436061A623C9A00354BA4 /* LogicGatesReducer */ = {
			isa = PBXGroup;
			children = (
				52F4360B1A623C9A00354BA4 /* AppDelegate.h */,
				52F4360C1A623C9A00354BA4 /* AppDelegate.m */,
				52F4360E1A623C9A00354BA4 /* ViewController.h */,
				52F4360F1A623C9A00354BA4 /* ViewController.m */,
				52F436111A623C9A00354BA4 /* Main.storyboard */,
				52F436141A623C9A00354BA4 /* Images.xcassets */,
				52F436161A623C9A00354BA4 /* LaunchScreen.xib */,
				52F436071A623C9A00354BA4 /* Supporting Files */,
			);
			path = LogicGatesReducer;
			sourceTree = "<group>";
		};
		52F436071A623C9A00354BA4 /* Supporting Files */ = {
			isa = PBXGroup;
			children = (
				52F436081A623C9A00354BA4 /* Info.plist */,
				52F436091A623C9A00354BA4 /* main.m */,
			);
			name = "Supporting Files";
			sourceTree = "<group>";
		};
		52F436201A623C9B00354BA4 /* LogicGatesReducerTests */ = {
			isa = PBXGroup;
			children = (
				52F436231A623C9B00354BA4 /* LogicGatesReducerTests.m */,
				52F436211A623C9B00354BA4 /* Supporting Files */,
			);
			path = LogicGatesReducerTests;
			sourceTree = "<group>";
		};
		52F436211A623C9B00354BA4 /* Supporting Files */ = {
			isa = PBXGroup;
			children = (
				52F436221A623C9B00354BA4 /* Info.plist */,
			);
			name = "Supporting Files";
			sourceTree = "<group>";
		};
/* End PBXGroup section */

/* Begin PBXNativeTarget section */
		52F436031A623C9A00354BA4 /* LogicGatesReducer */ = {
			isa = PBXNativeTarget;
			buildConfigurationList = 52F436271A623C9B00354BA4 /* Build configuration list for PBXNativeTarget "LogicGatesReducer" */;
			buildPhases = (
				52F436001A623C9A00354BA4 /* Sources */,
				52F436011A623C9A00354BA4 /* Frameworks */,
				52F436021A623C9A00354BA4 /* Resources */,
			);
			buildRules = (
			);
			dependencies = (
			);
			name = LogicGatesReducer;
			productName = LogicGatesReducer;
			productReference = 52F436041A623C9A00354BA4 /* LogicGatesReducer.app */;
			productType = "com.apple.product-type.application";
		};
		52F4361C1A623C9B00354BA4 /* LogicGatesReducerTests */ = {
			isa = PBXNativeTarget;
			buildConfigurationList = 52F4362A1A623C9B00354BA4 /* Build configuration list for PBXNativeTarget "LogicGatesReducerTests" */;
			buildPhases = (
				52F436191A623C9B00354BA4 /* Sources */,
				52F4361A1A623C9B00354BA4 /* Frameworks */,
				52F4361B1A623C9B00354BA4 /* Resources */,
			);
			buildRules = (
			);
			dependencies = (
				52F4361F1A623C9B00354BA4 /* PBXTargetDependency */,
			);
			name = LogicGatesReducerTests;
			productName = LogicGatesReducerTests;
			productReference = 52F4361D1A623C9B00354BA4 /* LogicGatesReducerTests.xctest */;
			productType = "com.apple.product-type.bundle.unit-test";
		};
/* End PBXNativeTarget section */

/* Begin PBXProject section */
		52F435FC1A623C9A00354BA4 /* Project object */ = {
			isa = PBXProject;
			attributes = {
				LastUpgradeCheck = 0610;
				ORGANIZATIONNAME = "Bilal El Uneis";
				TargetAttributes = {
					52F436031A623C9A00354BA4 = {
						CreatedOnToolsVersion = 6.1.1;
					};
					52F4361C1A623C9B00354BA4 = {
						CreatedOnToolsVersion = 6.1.1;
						TestTargetID = 52F436031A623C9A00354BA4;
					};
				};
			};
			buildConfigurationList = 52F435FF1A623C9A00354BA4 /* Build configuration list for PBXProject "LogicGatesReducer" */;
			compatibilityVersion = "Xcode 3.2";
			developmentRegion = English;
			hasScannedForEncodings = 0;
			knownRegions = (
				en,
				Base,
			);
			mainGroup = 52F435FB1A623C9A00354BA4;
			productRefGroup = 52F436051A623C9A00354BA4 /* Products */;
			projectDirPath = "";
			projectRoot = "";
			targets = (
				52F436031A623C9A00354BA4 /* LogicGatesReducer */,
				52F4361C1A623C9B00354BA4 /* LogicGatesReducerTests */,
			);
		};
/* End PBXProject section */

/* Begin PBXResourcesBuildPhase section */
		52F436021A623C9A00354BA4 /* Resources */ = {
			isa = PBXResourcesBuildPhase;
			buildActionMask = 2147483647;
			files = (
				52F436131A623C9A00354BA4 /* Main.storyboard in Resources */,
				52F436181A623C9A00354BA4 /* LaunchScreen.xib in Resources */,
				52F436151A623C9A00354BA4 /* Images.xcassets in Resources */,
			);
			runOnlyForDeploymentPostprocessing = 0;
		};
		52F4361B1A623C9B00354BA4 /* Resources */ = {
			isa = PBXResourcesBuildPhase;
			buildActionMask = 2147483647;
			files = (
			);
			runOnlyForDeploymentPostprocessing = 0;
		};
/* End PBXResourcesBuildPhase section */

/* Begin PBXSourcesBuildPhase section */
		52F436001A623C9A00354BA4 /* Sources */ = {
			isa = PBXSourcesBuildPhase;
			buildActionMask = 2147483647;
			files = (
				52F436101A623C9A00354BA4 /* ViewController.m in Sources */,
				52F4360D1A623C9A00354BA4 /* AppDelegate.m in Sources */,
				52F4360A1A623C9A00354BA4 /* main.m in Sources */,
			);
			runOnlyForDeploymentPostprocessing = 0;
		};
		52F436191A623C9B00354BA4 /* Sources */ = {
			isa = PBXSourcesBuildPhase;
			buildActionMask = 2147483647;
			files = (
				52F436241A623C9B00354BA4 /* LogicGatesReducerTests.m in Sources */,
			);
			runOnlyForDeploymentPostprocessing = 0;
		};
/* End PBXSourcesBuildPhase section */

/* Begin PBXTargetDependency section */
		52F4361F1A623C9B00354BA4 /* PBXTargetDependency */ = {
			isa = PBXTargetDependency;
			target = 52F436031A623C9A00354BA4 /* LogicGatesReducer */;
			targetProxy = 52F4361E1A623C9B00354BA4 /* PBXContainerItemProxy */;
		};
/* End PBXTargetDependency section */

/* Begin PBXVariantGroup section */
		52F436111A623C9A00354BA4 /* Main.storyboard */ = {
			isa = PBXVariantGroup;
			children = (
				52F436121A623C9A00354BA4 /* Base */,
			);
			name = Main.storyboard;
			sourceTree = "<group>";
		};
		52F436161A623C9A00354BA4 /* LaunchScreen.xib */ = {
			isa = PBXVariantGroup;
			children = (
				52F436171A623C9A00354BA4 /* Base */,
			);
			name = LaunchScreen.xib;
			sourceTree = "<group>";
		};
/* End PBXVariantGroup section */

/* Begin XCBuildConfiguration section */
		52F436251A623C9B00354BA4 /* Debug */ = {
			isa = XCBuildConfiguration;
			buildSettings = {
				ALWAYS_SEARCH_USER_PATHS = NO;
				CLANG_CXX_LANGUAGE_STANDARD = "gnu++0x";
				CLANG_CXX_LIBRARY = "libc++";
				CLANG_ENABLE_MODULES = YES;
				CLANG_ENABLE_OBJC_ARC = YES;
				CLANG_WARN_BOOL_CONVERSION = YES;
				CLANG_WARN_CONSTANT_CONVERSION = YES;
				CLANG_WARN_DIRECT_OBJC_ISA_USAGE = YES_ERROR;
				CLANG_WARN_EMPTY_BODY = YES;
				CLANG_WARN_ENUM_CONVERSION = YES;
				CLANG_WARN_INT_CONVERSION = YES;
				CLANG_WARN_OBJC_ROOT_CLASS = YES_ERROR;
				CLANG_WARN_UNREACHABLE_CODE = YES;
				CLANG_WARN__DUPLICATE_METHOD_MATCH = YES;
				"CODE_SIGN_IDENTITY[sdk=iphoneos*]" = "iPhone Developer";
				COPY_PHASE_STRIP = NO;
				ENABLE_STRICT_OBJC_MSGSEND = YES;
				GCC_C_LANGUAGE_STANDARD = gnu99;
				GCC_DYNAMIC_NO_PIC = NO;
				GCC_OPTIMIZATION_LEVEL = 0;
				GCC_PREPROCESSOR_DEFINITIONS = (
					"DEBUG=1",
					"$(inherited)",
				);
				GCC_SYMBOLS_PRIVATE_EXTERN = NO;
				GCC_WARN_64_TO_32_BIT_CONVERSION = YES;
				GCC_WARN_ABOUT_RETURN_TYPE = YES_ERROR;
				GCC_WARN_UNDECLARED_SELECTOR = YES;
				GCC_WARN_UNINITIALIZED_AUTOS = YES_AGGRESSIVE;
				GCC_WARN_UNUSED_FUNCTION = YES;
				GCC_WARN_UNUSED_VARIABLE = YES;
				IPHONEOS_DEPLOYMENT_TARGET = 8.1;
				MTL_ENABLE_DEBUG_INFO = YES;
				ONLY_ACTIVE_ARCH = YES;
				SDKROOT = iphoneos;
			};
			name = Debug;
		};
		52F436261A623C9B00354BA4 /* Release */ = {
			isa = XCBuildConfiguration;
			buildSettings = {
				ALWAYS_SEARCH_USER_PATHS = NO;
				CLANG_CXX_LANGUAGE_STANDARD = "gnu++0x";
				CLANG_CXX_LIBRARY = "libc++";
				CLANG_ENABLE_MODULES = YES;
				CLANG_ENABLE_OBJC_ARC = YES;
				CLANG_WARN_BOOL_CONVERSION = YES;
				CLANG_WARN_CONSTANT_CONVERSION = YES;
				CLANG_WARN_DIRECT_OBJC_ISA_USAGE = YES_ERROR;
				CLANG_WARN_EMPTY_BODY = YES;
				CLANG_WARN_ENUM_CONVERSION = YES;
				CLANG_WARN_INT_CONVERSION = YES;
				CLANG_WARN_OBJC_ROOT_CLASS = YES_ERROR;
				CLANG_WARN_UNREACHABLE_CODE = YES;
				CLANG_WARN__DUPLICATE_METHOD_MATCH = YES;
				"CODE_SIGN_IDENTITY[sdk=iphoneos*]" = "iPhone Developer";
				COPY_PHASE_STRIP = YES;
				ENABLE_NS_ASSERTIONS = NO;
				ENABLE_STRICT_OBJC_MSGSEND = YES;
				GCC_C_LANGUAGE_STANDARD = gnu99;
				GCC_WARN_64_TO_32_BIT_CONVERSION = YES;
				GCC_WARN_ABOUT_RETURN_TYPE = YES_ERROR;
				GCC_WARN_UNDECLARED_SELECTOR = YES;
				GCC_WARN_UNINITIALIZED_AUTOS = YES_AGGRESSIVE;
				GCC_WARN_UNUSED_FUNCTION = YES;
				GCC_WARN_UNUSED_VARIABLE = YES;
				IPHONEOS_DEPLOYMENT_TARGET = 8.1;
				MTL_ENABLE_DEBUG_INFO = NO;
				SDKROOT = iphoneos;
				VALIDATE_PRODUCT = YES;
			};
			name = Release;
		};
		52F436281A623C9B00354BA4 /* Debug */ = {
			isa = XCBuildConfiguration;
			buildSettings = {
				ASSETCATALOG_COMPILER_APPICON_NAME = AppIcon;
				INFOPLIST_FILE = LogicGatesReducer/Info.plist;
				LD_RUNPATH_SEARCH_PATHS = "$(inherited) @executable_path/Frameworks";
				PRODUCT_NAME = "$(TARGET_NAME)";
			};
			name = Debug;
		};
		52F436291A623C9B00354BA4 /* Release */ = {
			isa = XCBuildConfiguration;
			buildSettings = {
				ASSETCATALOG_COMPILER_APPICON_NAME = AppIcon;
				INFOPLIST_FILE = LogicGatesReducer/Info.plist;
				LD_RUNPATH_SEARCH_PATHS = "$(inherited) @executable_path/Frameworks";
				PRODUCT_NAME = "$(TARGET_NAME)";
			};
			name = Release;
		};
		52F4362B1A623C9B00354BA4 /* Debug */ = {
			isa = XCBuildConfiguration;
			buildSettings = {
				BUNDLE_LOADER = "$(TEST_HOST)";
				FRAMEWORK_SEARCH_PATHS = (
					"$(SDKROOT)/Developer/Library/Frameworks",
					"$(inherited)",
				);
				GCC_PREPROCESSOR_DEFINITIONS = (
					"DEBUG=1",
					"$(inherited)",
				);
				INFOPLIST_FILE = LogicGatesReducerTests/Info.plist;
				LD_RUNPATH_SEARCH_PATHS = "$(inherited) @executable_path/Frameworks @loader_path/Frameworks";
				PRODUCT_NAME = "$(TARGET_NAME)";
				TEST_HOST = "$(BUILT_PRODUCTS_DIR)/LogicGatesReducer.app/LogicGatesReducer";
			};
			name = Debug;
		};
		52F4362C1A623C9B00354BA4 /* Release */ = {
			isa = XCBuildConfiguration;
			buildSettings = {
				BUNDLE_LOADER = "$(TEST_HOST)";
				FRAMEWORK_SEARCH_PATHS = (
					"$(SDKROOT)/Developer/Library/Frameworks",
					"$(inherited)",
				);
				INFOPLIST_FILE = LogicGatesReducerTests/Info.plist;
				LD_RUNPATH_SEARCH_PATHS = "$(inherited) @executable_path/Frameworks @loader_path/Frameworks";
				PRODUCT_NAME = "$(TARGET_NAME)";
				TEST_HOST = "$(BUILT_PRODUCTS_DIR)/LogicGatesReducer.app/LogicGatesReducer";
			};
			name = Release;
		};
/* End XCBuildConfiguration section */

/* Begin XCConfigurationList section */
		52F435FF1A623C9A00354BA4 /* Build configuration list for PBXProject "LogicGatesReducer" */ = {
			isa = XCConfigurationList;
			buildConfigurations = (
				52F436251A623C9B00354BA4 /* Debug */,
				52F436261A623C9B00354BA4 /* Release */,
			);
			defaultConfigurationIsVisible = 0;
			defaultConfigurationName = Release;
		};
		52F436271A623C9B00354BA4 /* Build configuration list for PBXNativeTarget "LogicGatesReducer" */ = {
			isa = XCConfigurationList;
			buildConfigurations = (
				52F436281A623C9B00354BA4 /* Debug */,
				52F436291A623C9B00354BA4 /* Release */,
			);
			defaultConfigurationIsVisible = 0;
		};
		52F4362A1A623C9B00354BA4 /* Build configuration list for PBXNativeTarget "LogicGatesReducerTests" */ = {
			isa = XCConfigurationList;
			buildConfigurations = (
				52F4362B1A623C9B00354BA4 /* Debug */,
				52F4362C1A623C9B00354BA4 /* Release */,
			);
			defaultConfigurationIsVisible = 0;
		};
/* End XCConfigurationList section */
	};
	rootObject = 52F435FC1A623C9A00354BA4 /* Project object */;
}
